{
  "name": "joinchain-account",
  "version": "1.0.2",
  "lockfileVersion": 1,
  "requires": true,
  "dependencies": {
    "asn1.js": {
      "version": "5.3.0",
      "resolved": "https://registry.npm.taobao.org/asn1.js/download/asn1.js-5.3.0.tgz",
      "integrity": "sha1-Q5CZ/pF04Jz/WlSp3acCYFF+hok=",
      "requires": {
        "bn.js": "^4.0.0",
        "inherits": "^2.0.1",
        "minimalistic-assert": "^1.0.0",
        "safer-buffer": "^2.1.0"
      }
    },
    "bindings": {
      "version": "1.5.0",
      "resolved": "http://registry.npm.taobao.org/bindings/download/bindings-1.5.0.tgz",
      "integrity": "sha1-EDU8npRTNLwFEabZCzj7x8nFBN8=",
      "requires": {
        "file-uri-to-path": "1.0.0"
      }
    },
    "bn.js": {
      "version": "4.11.8",
      "resolved": "https://registry.npm.taobao.org/bn.js/download/bn.js-4.11.8.tgz",
      "integrity": "sha1-LN4J617jQfSEdGuwMJsyU7GxRC8="
    },
    "ecdsa-secp256r1": {
      "version": "1.3.3",
      "resolved": "https://registry.npm.taobao.org/ecdsa-secp256r1/download/ecdsa-secp256r1-1.3.3.tgz",
      "integrity": "sha1-rTir58Bqn1pt233Iq9Rt6ezX7Ak=",
      "requires": {
        "asn1.js": "^5.0.1",
        "bn.js": "^4.11.8"
      }
    },
    "file-uri-to-path": {
      "version": "1.0.0",
      "resolved": "https://registry.npm.taobao.org/file-uri-to-path/download/file-uri-to-path-1.0.0.tgz?cache=0&sync_timestamp=1570825475173&other_urls=https%3A%2F%2Fregistry.npm.taobao.org%2Ffile-uri-to-path%2Fdownload%2Ffile-uri-to-path-1.0.0.tgz",
      "integrity": "sha1-VTp7hEb/b2hDWcRF8eN6BdrMM90="
    },
    "inherits": {
      "version": "2.0.4",
      "resolved": "https://registry.npm.taobao.org/inherits/download/inherits-2.0.4.tgz",
      "integrity": "sha1-D6LGT5MpF8NDOg3tVTY6rjdBa3w="
    },
    "keccak": {
      "version": "1.4.0",
      "resolved": "https://registry.npm.taobao.org/keccak/download/keccak-1.4.0.tgz",
      "integrity": "sha1-Vy+Kbb7o57OqQhVQ+eZAjKIYb4A=",
      "requires": {
        "bindings": "^1.2.1",
        "inherits": "^2.0.3",
        "nan": "^2.2.1",
        "safe-buffer": "^5.1.0"
      }
    },
    "keccak256": {
      "version": "1.0.0",
      "resolved": "https://registry.npm.taobao.org/keccak256/download/keccak256-1.0.0.tgz",
      "integrity": "sha1-G6Vc547T1j+3CR0EVGkAfamEFx0=",
      "requires": {
        "bn.js": "^4.11.8",
        "keccak": "^1.4.0"
      }
    },
    "minimalistic-assert": {
      "version": "1.0.1",
      "resolved": "http://registry.npm.taobao.org/minimalistic-assert/download/minimalistic-assert-1.0.1.tgz",
      "integrity": "sha1-LhlN4ERibUoQ5/f7wAznPoPk1cc="
    },
    "nan": {
      "version": "2.14.0",
      "resolved": "https://registry.npm.taobao.org/nan/download/nan-2.14.0.tgz",
      "integrity": "sha1-eBj3IgJ7JFmobwKV1DTR/CM2xSw="
    },
    "safe-buffer": {
      "version": "5.2.0",
      "resolved": "https://registry.npm.taobao.org/safe-buffer/download/safe-buffer-5.2.0.tgz",
      "integrity": "sha1-t02uxJsRSPiMZLaNSbHoFcHy9Rk="
    },
    "safer-buffer": {
      "version": "2.1.2",
      "resolved": "http://registry.npm.taobao.org/safer-buffer/download/safer-buffer-2.1.2.tgz",
      "integrity": "sha1-RPoWGwGHuVSd2Eu5GAL5vYOFzWo="
    }
  }
}
